<?xml version="1.0" encoding="utf-8"?>
<Project ToolsVersion="4.0" xmlns="http://schemas.microsoft.com/developer/msbuild/2003">
  <ItemGroup>
    <Filter Include="源文件">
      <UniqueIdentifier>{4FC737F1-C7A5-4376-A066-2A32D752A2FF}</UniqueIdentifier>
      <Extensions>cpp;c;cc;cxx;def;odl;idl;hpj;bat;asm;asmx</Extensions>
    </Filter>
    <Filter Include="头文件">
      <UniqueIdentifier>{93995380-89BD-4b04-88EB-625FBE52EBFB}</UniqueIdentifier>
      <Extensions>h;hh;hpp;hxx;hm;inl;inc;xsd</Extensions>
    </Filter>
    <Filter Include="资源文件">
      <UniqueIdentifier>{67DA6AB6-F800-4c08-8B7A-83BB121AAD01}</UniqueIdentifier>
      <Extensions>rc;ico;cur;bmp;dlg;rc2;rct;bin;rgs;gif;jpg;jpeg;jpe;resx;tiff;tif;png;wav;mfcribbon-ms</Extensions>
    </Filter>
    <Filter Include="dx4s">
      <UniqueIdentifier>{f3de207d-cd2e-4878-b9d2-ec37695feceb}</UniqueIdentifier>
    </Filter>
    <Filter Include="dx4s\base">
      <UniqueIdentifier>{012ce0a2-85fb-4c30-8a26-e6d075d71fa4}</UniqueIdentifier>
    </Filter>
    <Filter Include="dx4s\utils">
      <UniqueIdentifier>{7983e99b-fdd2-45c4-9e5b-f2e73c79a265}</UniqueIdentifier>
    </Filter>
  </ItemGroup>
  <ItemGroup>
    <ClCompile Include="dx4s\base\base.cpp">
      <Filter>dx4s\base</Filter>
    </ClCompile>
    <ClCompile Include="dx4s\utils\utils.cpp">
      <Filter>dx4s\utils</Filter>
    </ClCompile>
    <ClCompile Include="main.cpp">
      <Filter>源文件</Filter>
    </ClCompile>
  </ItemGroup>
  <ItemGroup>
    <ClInclude Include="dx4s\base\base.h">
      <Filter>dx4s\base</Filter>
    </ClInclude>
    <ClInclude Include="dx4s\utils\utils.h">
      <Filter>dx4s\utils</Filter>
    </ClInclude>
    <ClInclude Include="dx4s\dx4s.h">
      <Filter>dx4s</Filter>
    </ClInclude>
  </ItemGroup>
</Project>